{
  "name": "pudding",
  "version": "1.0.0",
  "lockfileVersion": 1,
  "requires": true,
  "dependencies": {
    "nativescript-camera": {
      "version": "4.0.2",
      "resolved": "https://registry.npmjs.org/nativescript-camera/-/nativescript-camera-4.0.2.tgz",
      "integrity": "sha512-ZRRAQHvP2rzQTMXtBg1O3utTUaKvwcC0zcgU64zYvcHP4dkZ8f5x/KulDPrZ5ITsMDH4BJTak3uYU7jnvKk3vA==",
      "requires": {
        "nativescript-permissions": "1.2.3"
      }
    },
    "nativescript-permissions": {
      "version": "1.2.3",
      "resolved": "https://registry.npmjs.org/nativescript-permissions/-/nativescript-permissions-1.2.3.tgz",
      "integrity": "sha1-4+ZVRfmP5IjdVXj3/5DrrjCI5wA="
    }
  }
}
